
Microsoft Visual Studio Solution File, Format Version 12.00
# Visual Studio Version 17
VisualStudioVersion = 17.4.33110.190
MinimumVisualStudioVersion = 10.0.40219.1
Project("{9A19103F-16F7-4668-BE54-9A1E7A4F7556}") = "BPCalculator", "BPCalculator\BPCalculator.csproj", "{A175ED5F-F741-4BFD-862C-D26E75466BDA}"
EndProject
Project("{9A19103F-16F7-4668-BE54-9A1E7A4F7556}") = "XunitTestProject1", "XunitTestProject1\XunitTestProject1.csproj", "{5915CE56-BBB1-496C-AE5F-F8D5DAC80600}"
EndProject
Project("{9A19103F-16F7-4668-BE54-9A1E7A4F7556}") = "SpecFlowProject1", "SpecFlowProject1\SpecFlowProject1.csproj", "{AA4F7700-345E-4849-92E8-9A02538FC36C}"
EndProject
Project("{9A19103F-16F7-4668-BE54-9A1E7A4F7556}") = "SpecFlowProject3", "SpecFlowProject3\SpecFlowProject3.csproj", "{83B3CB3A-2051-427B-B833-5A7622B3EB07}"
EndProject
Project("{9A19103F-16F7-4668-BE54-9A1E7A4F7556}") = "SpecFlowProject4", "SpecFlowProject4\SpecFlowProject4.csproj", "{AE370AF3-F750-4A0C-A392-566664AEDFA5}"
EndProject
Project("{9A19103F-16F7-4668-BE54-9A1E7A4F7556}") = "SpecFlowProjectExample", "SpecFlowProjectExample\SpecFlowProjectExample.csproj", "{241AE8A7-D11A-4E24-ACAD-804B67A64D87}"
EndProject
Project("{FAE04EC0-301F-11D3-BF4B-00C04F79EFBC}") = "SpecFlowProject_net31", "SpecFlowProject_net31\SpecFlowProject_net31.csproj", "{695CE5AE-9905-4E13-BE8A-E181EF6214FB}"
EndProject
Global
	GlobalSection(SolutionConfigurationPlatforms) = preSolution
		Debug|Any CPU = Debug|Any CPU
		Release|Any CPU = Release|Any CPU
	EndGlobalSection
	GlobalSection(ProjectConfigurationPlatforms) = postSolution
		{A175ED5F-F741-4BFD-862C-D26E75466BDA}.Debug|Any CPU.ActiveCfg = Debug|Any CPU
		{A175ED5F-F741-4BFD-862C-D26E75466BDA}.Debug|Any CPU.Build.0 = Debug|Any CPU
		{A175ED5F-F741-4BFD-862C-D26E75466BDA}.Release|Any CPU.ActiveCfg = Release|Any CPU
		{A175ED5F-F741-4BFD-862C-D26E75466BDA}.Release|Any CPU.Build.0 = Release|Any CPU
		{5915CE56-BBB1-496C-AE5F-F8D5DAC80600}.Debug|Any CPU.ActiveCfg = Debug|Any CPU
		{5915CE56-BBB1-496C-AE5F-F8D5DAC80600}.Debug|Any CPU.Build.0 = Debug|Any CPU
		{5915CE56-BBB1-496C-AE5F-F8D5DAC80600}.Release|Any CPU.ActiveCfg = Release|Any CPU
		{5915CE56-BBB1-496C-AE5F-F8D5DAC80600}.Release|Any CPU.Build.0 = Release|Any CPU
		{AA4F7700-345E-4849-92E8-9A02538FC36C}.Debug|Any CPU.ActiveCfg = Debug|Any CPU
		{AA4F7700-345E-4849-92E8-9A02538FC36C}.Debug|Any CPU.Build.0 = Debug|Any CPU
		{AA4F7700-345E-4849-92E8-9A02538FC36C}.Release|Any CPU.ActiveCfg = Release|Any CPU
		{AA4F7700-345E-4849-92E8-9A02538FC36C}.Release|Any CPU.Build.0 = Release|Any CPU
		{83B3CB3A-2051-427B-B833-5A7622B3EB07}.Debug|Any CPU.ActiveCfg = Debug|Any CPU
		{83B3CB3A-2051-427B-B833-5A7622B3EB07}.Debug|Any CPU.Build.0 = Debug|Any CPU
		{83B3CB3A-2051-427B-B833-5A7622B3EB07}.Release|Any CPU.ActiveCfg = Release|Any CPU
		{83B3CB3A-2051-427B-B833-5A7622B3EB07}.Release|Any CPU.Build.0 = Release|Any CPU
		{AE370AF3-F750-4A0C-A392-566664AEDFA5}.Debug|Any CPU.ActiveCfg = Debug|Any CPU
		{AE370AF3-F750-4A0C-A392-566664AEDFA5}.Debug|Any CPU.Build.0 = Debug|Any CPU
		{AE370AF3-F750-4A0C-A392-566664AEDFA5}.Release|Any CPU.ActiveCfg = Release|Any CPU
		{AE370AF3-F750-4A0C-A392-566664AEDFA5}.Release|Any CPU.Build.0 = Release|Any CPU
		{241AE8A7-D11A-4E24-ACAD-804B67A64D87}.Debug|Any CPU.ActiveCfg = Debug|Any CPU
		{241AE8A7-D11A-4E24-ACAD-804B67A64D87}.Debug|Any CPU.Build.0 = Debug|Any CPU
		{241AE8A7-D11A-4E24-ACAD-804B67A64D87}.Release|Any CPU.ActiveCfg = Release|Any CPU
		{241AE8A7-D11A-4E24-ACAD-804B67A64D87}.Release|Any CPU.Build.0 = Release|Any CPU
		{695CE5AE-9905-4E13-BE8A-E181EF6214FB}.Debug|Any CPU.ActiveCfg = Debug|Any CPU
		{695CE5AE-9905-4E13-BE8A-E181EF6214FB}.Debug|Any CPU.Build.0 = Debug|Any CPU
		{695CE5AE-9905-4E13-BE8A-E181EF6214FB}.Release|Any CPU.ActiveCfg = Release|Any CPU
		{695CE5AE-9905-4E13-BE8A-E181EF6214FB}.Release|Any CPU.Build.0 = Release|Any CPU
	EndGlobalSection
	GlobalSection(SolutionProperties) = preSolution
		HideSolutionNode = FALSE
	EndGlobalSection
	GlobalSection(ExtensibilityGlobals) = postSolution
		SolutionGuid = {18211A24-AE17-4D2C-A494-5CC9DB7F7100}
	EndGlobalSection
EndGlobal
